# Generated by pub
# See http://pub.dartlang.org/doc/glossary.html#lockfile
packages:
  barback:
    description: barback
    source: hosted
    version: "0.15.2+4"
  browser:
    description: browser
    source: hosted
    version: "0.10.0+2"
  collection:
    description: collection
    source: hosted
    version: "1.1.0"
  frappe:
    description: frappe
    source: hosted
    version: "0.4.0+4"
  logging:
    description: logging
    source: hosted
    version: "0.10.0"
  path:
    description: path
    source: hosted
    version: "1.3.5"
  pool:
    description: pool
    source: hosted
    version: "1.0.1"
  quiver:
    description: quiver
    source: hosted
    version: "0.18.2"
  react:
    description: react
    source: hosted
    version: "0.6.1"
  sass:
    description: sass
    source: hosted
    version: "0.4.2"
  source_span:
    description: source_span
    source: hosted
    version: "1.1.2"
  stack_trace:
    description: stack_trace
    source: hosted
    version: "1.3.2"
  stream_transformers:
    description: stream_transformers
    source: hosted
    version: "0.3.0+2"
  utf:
    description: utf
    source: hosted
    version: "0.9.0+2"
